
Microsoft Visual Studio Solution File, Format Version 11.00
# Visual Studio 2010
Project("{8BC9CEB8-8B4A-11D0-8D11-00A0C91BC942}") = "mysql_windows_audit", "mysql_windows_audit.vcxproj", "{FD01EB65-51FD-4577-BABB-415C19509BD5}"
EndProject
Global
	GlobalSection(SolutionConfigurationPlatforms) = preSolution
		Debug|Win32 = Debug|Win32
		Release|Win32 = Release|Win32
	EndGlobalSection
	GlobalSection(ProjectConfigurationPlatforms) = postSolution
		{FD01EB65-51FD-4577-BABB-415C19509BD5}.Debug|Win32.ActiveCfg = Debug|Win32
		{FD01EB65-51FD-4577-BABB-415C19509BD5}.Debug|Win32.Build.0 = Debug|Win32
		{FD01EB65-51FD-4577-BABB-415C19509BD5}.Release|Win32.ActiveCfg = Release|Win32
		{FD01EB65-51FD-4577-BABB-415C19509BD5}.Release|Win32.Build.0 = Release|Win32
	EndGlobalSection
	GlobalSection(SolutionProperties) = preSolution
		HideSolutionNode = FALSE
	EndGlobalSection
EndGlobal
